# This file is automatically @generated by Poetry 2.2.1 and should not be changed by hand.

[[package]]
name = "psycopg2"
version = "2.9.12"
description = "psycopg2 - Python-PostgreSQL Database Adapter"
optional = false
python-versions = ">=3.9"
groups = ["main"]
files = [
    {file = "psycopg2-2.9.12-cp310-cp310-win_amd64.whl", hash = "sha256:d5fbe092315fb007c03544704e6d1e678a6c0378139d01cea433dc59edf041b4"},
    {file = "psycopg2-2.9.12-cp311-cp311-win_amd64.whl", hash = "sha256:2532c0cdc6ad18c9c35cd935cc3159712e14f05276a6d29a6435c52d24b840c1"},
    {file = "psycopg2-2.9.12-cp312-cp312-win_amd64.whl", hash = "sha256:83d48e66e18c301d832e93c984a7bcbc0f4ac3bb79e2137e3bc335978c756dc0"},
    {file = "psycopg2-2.9.12-cp313-cp313-win_amd64.whl", hash = "sha256:3d23e684927d37b95cee9a943f6927b04ae2fdcd056fd0e2a30929ee89fee5a9"},
    {file = "psycopg2-2.9.12-cp314-cp314-win_amd64.whl", hash = "sha256:a73d5513bfe929c56555006c7a9cc7ae6e4276aa99dd2b1e2544eb8bb54f8b23"},
    {file = "psycopg2-2.9.12-cp39-cp39-win_amd64.whl", hash = "sha256:09826a6b89714626a662275d03f21639f1c68d183e2dcc9ba134d463a3da753e"},
    {file = "psycopg2-2.9.12.tar.gz", hash = "sha256:1dedb1c7a1d8552c4a6044c6b1c41a52e6a8e2d144af83eccac758076b1b7c15"},
]

[metadata]
lock-version = "2.1"
python-versions = ">=3.9"
content-hash = "84429835b1ed6fce8dc64e2d2b55b4dd8cc44e72885b9ecbe9e4d30f7ceed8f1"
